// !$*UTF8*$!
{
	archiveVersion = 1;
	classes = {
	};
	objectVersion = 51;
	objects = {

/* Begin PBXBuildFile section */
		4E6089648DD3E2E24617C42A /* Pods_MyBookshelf.framework in Frameworks */ = {isa = PBXBuildFile; fileRef = 4389B41152C18588AFCA3E7B /* Pods_MyBookshelf.framework */; };
		CB29F2D622F1230100FA341D /* Log.swift in Sources */ = {isa = PBXBuildFile; fileRef = CB29F2D522F1230100FA341D /* Log.swift */; };
		CB29F2DE22F1233800FA341D /* NSObject+ext.swift in Sources */ = {isa = PBXBuildFile; fileRef = CB29F2D822F1233700FA341D /* NSObject+ext.swift */; };
		CB29F2DF22F1233800FA341D /* Collection+ext.swift in Sources */ = {isa = PBXBuildFile; fileRef = CB29F2D922F1233700FA341D /* Collection+ext.swift */; };
		CB29F2E022F1233800FA341D /* UIColor+ext.swift in Sources */ = {isa = PBXBuildFile; fileRef = CB29F2DA22F1233800FA341D /* UIColor+ext.swift */; };
		CB29F2E122F1233800FA341D /* UIViewController+ext.swift in Sources */ = {isa = PBXBuildFile; fileRef = CB29F2DB22F1233800FA341D /* UIViewController+ext.swift */; };
		CB29F2E222F1233800FA341D /* UITextField+ext.swift in Sources */ = {isa = PBXBuildFile; fileRef = CB29F2DC22F1233800FA341D /* UITextField+ext.swift */; };
		CB29F2E322F1233800FA341D /* UIView+ext.swift in Sources */ = {isa = PBXBuildFile; fileRef = CB29F2DD22F1233800FA341D /* UIView+ext.swift */; };
		CB29F2E922F1330F00FA341D /* NetworkManager.swift in Sources */ = {isa = PBXBuildFile; fileRef = CB29F2E822F1330F00FA341D /* NetworkManager.swift */; };
		CB29F2F122F164CF00FA341D /* ITBook.swift in Sources */ = {isa = PBXBuildFile; fileRef = CB29F2F022F164CF00FA341D /* ITBook.swift */; };
		CB29F2F622F17DBC00FA341D /* ITBookRequest.swift in Sources */ = {isa = PBXBuildFile; fileRef = CB29F2F522F17DBC00FA341D /* ITBookRequest.swift */; };
		CBB7FEAF22EED76000B7AE89 /* NewBooks.swift in Sources */ = {isa = PBXBuildFile; fileRef = CBB7FEAE22EED76000B7AE89 /* NewBooks.swift */; };
		CBB7FEB122EED79200B7AE89 /* Book.swift in Sources */ = {isa = PBXBuildFile; fileRef = CBB7FEB022EED79200B7AE89 /* Book.swift */; };
		CBB7FEB522EEE88600B7AE89 /* Protocol.swift in Sources */ = {isa = PBXBuildFile; fileRef = CBB7FEB422EEE88600B7AE89 /* Protocol.swift */; };
		CBB7FEB722EEEBBD00B7AE89 /* DetailBookViewController.swift in Sources */ = {isa = PBXBuildFile; fileRef = CBB7FEB622EEEBBD00B7AE89 /* DetailBookViewController.swift */; };
		CBE2955522EE830C0093BD00 /* AppDelegate.swift in Sources */ = {isa = PBXBuildFile; fileRef = CBE2955422EE830C0093BD00 /* AppDelegate.swift */; };
		CBE2955C22EE830E0093BD00 /* Assets.xcassets in Resources */ = {isa = PBXBuildFile; fileRef = CBE2955B22EE830E0093BD00 /* Assets.xcassets */; };
		CBE2955F22EE830E0093BD00 /* LaunchScreen.storyboard in Resources */ = {isa = PBXBuildFile; fileRef = CBE2955D22EE830E0093BD00 /* LaunchScreen.storyboard */; };
		CBE2956722EE94390093BD00 /* NewViewController.swift in Sources */ = {isa = PBXBuildFile; fileRef = CBE2956622EE94390093BD00 /* NewViewController.swift */; };
		CBE2956A22EE94610093BD00 /* SearchViewController.swift in Sources */ = {isa = PBXBuildFile; fileRef = CBE2956922EE94610093BD00 /* SearchViewController.swift */; };
		CBE2956C22EEA4320093BD00 /* Main.storyboard in Resources */ = {isa = PBXBuildFile; fileRef = CBE2956B22EEA4320093BD00 /* Main.storyboard */; };
		CBE2956E22EEC79D0093BD00 /* NewTableViewCell.swift in Sources */ = {isa = PBXBuildFile; fileRef = CBE2956D22EEC79D0093BD00 /* NewTableViewCell.swift */; };
/* End PBXBuildFile section */

/* Begin PBXFileReference section */
		0D9EE453640BE392E6382843 /* Pods-MyBookshelf.debug.xcconfig */ = {isa = PBXFileReference; includeInIndex = 1; lastKnownFileType = text.xcconfig; name = "Pods-MyBookshelf.debug.xcconfig"; path = "Target Support Files/Pods-MyBookshelf/Pods-MyBookshelf.debug.xcconfig"; sourceTree = "<group>"; };
		4389B41152C18588AFCA3E7B /* Pods_MyBookshelf.framework */ = {isa = PBXFileReference; explicitFileType = wrapper.framework; includeInIndex = 0; path = Pods_MyBookshelf.framework; sourceTree = BUILT_PRODUCTS_DIR; };
		B506930764C1279DB66BFAC7 /* Pods-MyBookshelf.release.xcconfig */ = {isa = PBXFileReference; includeInIndex = 1; lastKnownFileType = text.xcconfig; name = "Pods-MyBookshelf.release.xcconfig"; path = "Target Support Files/Pods-MyBookshelf/Pods-MyBookshelf.release.xcconfig"; sourceTree = "<group>"; };
		CB29F2D522F1230100FA341D /* Log.swift */ = {isa = PBXFileReference; fileEncoding = 4; lastKnownFileType = sourcecode.swift; path = Log.swift; sourceTree = "<group>"; };
		CB29F2D822F1233700FA341D /* NSObject+ext.swift */ = {isa = PBXFileReference; fileEncoding = 4; lastKnownFileType = sourcecode.swift; path = "NSObject+ext.swift"; sourceTree = "<group>"; };
		CB29F2D922F1233700FA341D /* Collection+ext.swift */ = {isa = PBXFileReference; fileEncoding = 4; lastKnownFileType = sourcecode.swift; path = "Collection+ext.swift"; sourceTree = "<group>"; };
		CB29F2DA22F1233800FA341D /* UIColor+ext.swift */ = {isa = PBXFileReference; fileEncoding = 4; lastKnownFileType = sourcecode.swift; path = "UIColor+ext.swift"; sourceTree = "<group>"; };
		CB29F2DB22F1233800FA341D /* UIViewController+ext.swift */ = {isa = PBXFileReference; fileEncoding = 4; lastKnownFileType = sourcecode.swift; path = "UIViewController+ext.swift"; sourceTree = "<group>"; };
		CB29F2DC22F1233800FA341D /* UITextField+ext.swift */ = {isa = PBXFileReference; fileEncoding = 4; lastKnownFileType = sourcecode.swift; path = "UITextField+ext.swift"; sourceTree = "<group>"; };
		CB29F2DD22F1233800FA341D /* UIView+ext.swift */ = {isa = PBXFileReference; fileEncoding = 4; lastKnownFileType = sourcecode.swift; path = "UIView+ext.swift"; sourceTree = "<group>"; };
		CB29F2E822F1330F00FA341D /* NetworkManager.swift */ = {isa = PBXFileReference; lastKnownFileType = sourcecode.swift; path = NetworkManager.swift; sourceTree = "<group>"; };
		CB29F2F022F164CF00FA341D /* ITBook.swift */ = {isa = PBXFileReference; lastKnownFileType = sourcecode.swift; path = ITBook.swift; sourceTree = "<group>"; };
		CB29F2F522F17DBC00FA341D /* ITBookRequest.swift */ = {isa = PBXFileReference; lastKnownFileType = sourcecode.swift; path = ITBookRequest.swift; sourceTree = "<group>"; };
		CBB7FEAE22EED76000B7AE89 /* NewBooks.swift */ = {isa = PBXFileReference; lastKnownFileType = sourcecode.swift; path = NewBooks.swift; sourceTree = "<group>"; };
		CBB7FEB022EED79200B7AE89 /* Book.swift */ = {isa = PBXFileReference; lastKnownFileType = sourcecode.swift; path = Book.swift; sourceTree = "<group>"; };
		CBB7FEB422EEE88600B7AE89 /* Protocol.swift */ = {isa = PBXFileReference; lastKnownFileType = sourcecode.swift; path = Protocol.swift; sourceTree = "<group>"; };
		CBB7FEB622EEEBBD00B7AE89 /* DetailBookViewController.swift */ = {isa = PBXFileReference; lastKnownFileType = sourcecode.swift; path = DetailBookViewController.swift; sourceTree = "<group>"; };
		CBE2955122EE830C0093BD00 /* MyBookshelf.app */ = {isa = PBXFileReference; explicitFileType = wrapper.application; includeInIndex = 0; path = MyBookshelf.app; sourceTree = BUILT_PRODUCTS_DIR; };
		CBE2955422EE830C0093BD00 /* AppDelegate.swift */ = {isa = PBXFileReference; lastKnownFileType = sourcecode.swift; path = AppDelegate.swift; sourceTree = "<group>"; };
		CBE2955B22EE830E0093BD00 /* Assets.xcassets */ = {isa = PBXFileReference; lastKnownFileType = folder.assetcatalog; path = Assets.xcassets; sourceTree = "<group>"; };
		CBE2955E22EE830E0093BD00 /* Base */ = {isa = PBXFileReference; lastKnownFileType = file.storyboard; name = Base; path = Base.lproj/LaunchScreen.storyboard; sourceTree = "<group>"; };
		CBE2956022EE830E0093BD00 /* Info.plist */ = {isa = PBXFileReference; lastKnownFileType = text.plist.xml; path = Info.plist; sourceTree = "<group>"; };
		CBE2956622EE94390093BD00 /* NewViewController.swift */ = {isa = PBXFileReference; lastKnownFileType = sourcecode.swift; path = NewViewController.swift; sourceTree = "<group>"; };
		CBE2956922EE94610093BD00 /* SearchViewController.swift */ = {isa = PBXFileReference; lastKnownFileType = sourcecode.swift; path = SearchViewController.swift; sourceTree = "<group>"; };
		CBE2956B22EEA4320093BD00 /* Main.storyboard */ = {isa = PBXFileReference; lastKnownFileType = file.storyboard; path = Main.storyboard; sourceTree = "<group>"; };
		CBE2956D22EEC79D0093BD00 /* NewTableViewCell.swift */ = {isa = PBXFileReference; lastKnownFileType = sourcecode.swift; path = NewTableViewCell.swift; sourceTree = "<group>"; };
/* End PBXFileReference section */

/* Begin PBXFrameworksBuildPhase section */
		CBE2954E22EE830C0093BD00 /* Frameworks */ = {
			isa = PBXFrameworksBuildPhase;
			buildActionMask = 2147483647;
			files = (
				4E6089648DD3E2E24617C42A /* Pods_MyBookshelf.framework in Frameworks */,
			);
			runOnlyForDeploymentPostprocessing = 0;
		};
/* End PBXFrameworksBuildPhase section */

/* Begin PBXGroup section */
		84E99281E68328CDD9E85A59 /* Frameworks */ = {
			isa = PBXGroup;
			children = (
				4389B41152C18588AFCA3E7B /* Pods_MyBookshelf.framework */,
			);
			name = Frameworks;
			sourceTree = "<group>";
		};
		9D8B2A818DA27868520CB2DB /* Pods */ = {
			isa = PBXGroup;
			children = (
				0D9EE453640BE392E6382843 /* Pods-MyBookshelf.debug.xcconfig */,
				B506930764C1279DB66BFAC7 /* Pods-MyBookshelf.release.xcconfig */,
			);
			path = Pods;
			sourceTree = "<group>";
		};
		CB29F2D722F1231400FA341D /* Extension */ = {
			isa = PBXGroup;
			children = (
				CB29F2D922F1233700FA341D /* Collection+ext.swift */,
				CB29F2D822F1233700FA341D /* NSObject+ext.swift */,
				CB29F2DA22F1233800FA341D /* UIColor+ext.swift */,
				CB29F2DC22F1233800FA341D /* UITextField+ext.swift */,
				CB29F2DD22F1233800FA341D /* UIView+ext.swift */,
				CB29F2DB22F1233800FA341D /* UIViewController+ext.swift */,
			);
			path = Extension;
			sourceTree = "<group>";
		};
		CB29F2E422F1239700FA341D /* Global */ = {
			isa = PBXGroup;
			children = (
				CBB7FEB422EEE88600B7AE89 /* Protocol.swift */,
				CB29F2D522F1230100FA341D /* Log.swift */,
			);
			path = Global;
			sourceTree = "<group>";
		};
		CB29F2E722F132A300FA341D /* Manager */ = {
			isa = PBXGroup;
			children = (
				CB29F2E822F1330F00FA341D /* NetworkManager.swift */,
			);
			path = Manager;
			sourceTree = "<group>";
		};
		CB29F2F222F17D5800FA341D /* ITBook */ = {
			isa = PBXGroup;
			children = (
				CB29F2F022F164CF00FA341D /* ITBook.swift */,
				CB29F2F422F17DA700FA341D /* Request */,
				CB29F2F322F17D9700FA341D /* Response */,
			);
			path = ITBook;
			sourceTree = "<group>";
		};
		CB29F2F322F17D9700FA341D /* Response */ = {
			isa = PBXGroup;
			children = (
				CBB7FEB022EED79200B7AE89 /* Book.swift */,
				CBB7FEAE22EED76000B7AE89 /* NewBooks.swift */,
			);
			path = Response;
			sourceTree = "<group>";
		};
		CB29F2F422F17DA700FA341D /* Request */ = {
			isa = PBXGroup;
			children = (
				CB29F2F522F17DBC00FA341D /* ITBookRequest.swift */,
			);
			path = Request;
			sourceTree = "<group>";
		};
		CBB7FEAB22EED06900B7AE89 /* Base */ = {
			isa = PBXGroup;
			children = (
				CBE2955422EE830C0093BD00 /* AppDelegate.swift */,
				CBE2955B22EE830E0093BD00 /* Assets.xcassets */,
				CBE2956B22EEA4320093BD00 /* Main.storyboard */,
				CBE2955D22EE830E0093BD00 /* LaunchScreen.storyboard */,
				CBE2956022EE830E0093BD00 /* Info.plist */,
			);
			path = Base;
			sourceTree = "<group>";
		};
		CBB7FEAC22EED0A200B7AE89 /* View */ = {
			isa = PBXGroup;
			children = (
				CBE2956D22EEC79D0093BD00 /* NewTableViewCell.swift */,
			);
			path = View;
			sourceTree = "<group>";
		};
		CBB7FEAD22EED54600B7AE89 /* Model */ = {
			isa = PBXGroup;
			children = (
				CB29F2F222F17D5800FA341D /* ITBook */,
			);
			path = Model;
			sourceTree = "<group>";
		};
		CBE2954822EE830C0093BD00 = {
			isa = PBXGroup;
			children = (
				CBE2955322EE830C0093BD00 /* MyBookshelf */,
				CBE2955222EE830C0093BD00 /* Products */,
				9D8B2A818DA27868520CB2DB /* Pods */,
				84E99281E68328CDD9E85A59 /* Frameworks */,
			);
			sourceTree = "<group>";
		};
		CBE2955222EE830C0093BD00 /* Products */ = {
			isa = PBXGroup;
			children = (
				CBE2955122EE830C0093BD00 /* MyBookshelf.app */,
			);
			name = Products;
			sourceTree = "<group>";
		};
		CBE2955322EE830C0093BD00 /* MyBookshelf */ = {
			isa = PBXGroup;
			children = (
				CBB7FEAB22EED06900B7AE89 /* Base */,
				CB29F2E422F1239700FA341D /* Global */,
				CBE2956822EE943D0093BD00 /* ViewController */,
				CBB7FEAC22EED0A200B7AE89 /* View */,
				CBB7FEAD22EED54600B7AE89 /* Model */,
				CB29F2E722F132A300FA341D /* Manager */,
				CB29F2D722F1231400FA341D /* Extension */,
			);
			path = MyBookshelf;
			sourceTree = "<group>";
		};
		CBE2956822EE943D0093BD00 /* ViewController */ = {
			isa = PBXGroup;
			children = (
				CBE2956622EE94390093BD00 /* NewViewController.swift */,
				CBE2956922EE94610093BD00 /* SearchViewController.swift */,
				CBB7FEB622EEEBBD00B7AE89 /* DetailBookViewController.swift */,
			);
			path = ViewController;
			sourceTree = "<group>";
		};
/* End PBXGroup section */

/* Begin PBXNativeTarget section */
		CBE2955022EE830C0093BD00 /* MyBookshelf */ = {
			isa = PBXNativeTarget;
			buildConfigurationList = CBE2956322EE830E0093BD00 /* Build configuration list for PBXNativeTarget "MyBookshelf" */;
			buildPhases = (
				2109111AF71F2D81A4E86A7A /* [CP] Check Pods Manifest.lock */,
				CBE2954D22EE830C0093BD00 /* Sources */,
				CBE2954E22EE830C0093BD00 /* Frameworks */,
				CBE2954F22EE830C0093BD00 /* Resources */,
				9F81CEE238DF677EA062C1B9 /* [CP] Embed Pods Frameworks */,
			);
			buildRules = (
			);
			dependencies = (
			);
			name = MyBookshelf;
			productName = MyBookshelf;
			productReference = CBE2955122EE830C0093BD00 /* MyBookshelf.app */;
			productType = "com.apple.product-type.application";
		};
/* End PBXNativeTarget section */

/* Begin PBXProject section */
		CBE2954922EE830C0093BD00 /* Project object */ = {
			isa = PBXProject;
			attributes = {
				LastSwiftUpdateCheck = 1030;
				LastUpgradeCheck = 1030;
				ORGANIZATIONNAME = "장혜준";
				TargetAttributes = {
					CBE2955022EE830C0093BD00 = {
						CreatedOnToolsVersion = 10.3;
					};
				};
			};
			buildConfigurationList = CBE2954C22EE830C0093BD00 /* Build configuration list for PBXProject "MyBookshelf" */;
			compatibilityVersion = "Xcode 9.3";
			developmentRegion = en;
			hasScannedForEncodings = 0;
			knownRegions = (
				en,
				Base,
			);
			mainGroup = CBE2954822EE830C0093BD00;
			productRefGroup = CBE2955222EE830C0093BD00 /* Products */;
			projectDirPath = "";
			projectRoot = "";
			targets = (
				CBE2955022EE830C0093BD00 /* MyBookshelf */,
			);
		};
/* End PBXProject section */

/* Begin PBXResourcesBuildPhase section */
		CBE2954F22EE830C0093BD00 /* Resources */ = {
			isa = PBXResourcesBuildPhase;
			buildActionMask = 2147483647;
			files = (
				CBE2956C22EEA4320093BD00 /* Main.storyboard in Resources */,
				CBE2955F22EE830E0093BD00 /* LaunchScreen.storyboard in Resources */,
				CBE2955C22EE830E0093BD00 /* Assets.xcassets in Resources */,
			);
			runOnlyForDeploymentPostprocessing = 0;
		};
/* End PBXResourcesBuildPhase section */

/* Begin PBXShellScriptBuildPhase section */
		2109111AF71F2D81A4E86A7A /* [CP] Check Pods Manifest.lock */ = {
			isa = PBXShellScriptBuildPhase;
			buildActionMask = 2147483647;
			files = (
			);
			inputFileListPaths = (
			);
			inputPaths = (
				"${PODS_PODFILE_DIR_PATH}/Podfile.lock",
				"${PODS_ROOT}/Manifest.lock",
			);
			name = "[CP] Check Pods Manifest.lock";
			outputFileListPaths = (
			);
			outputPaths = (
				"$(DERIVED_FILE_DIR)/Pods-MyBookshelf-checkManifestLockResult.txt",
			);
			runOnlyForDeploymentPostprocessing = 0;
			shellPath = /bin/sh;
			shellScript = "diff \"${PODS_PODFILE_DIR_PATH}/Podfile.lock\" \"${PODS_ROOT}/Manifest.lock\" > /dev/null\nif [ $? != 0 ] ; then\n    # print error to STDERR\n    echo \"error: The sandbox is not in sync with the Podfile.lock. Run 'pod install' or update your CocoaPods installation.\" >&2\n    exit 1\nfi\n# This output is used by Xcode 'outputs' to avoid re-running this script phase.\necho \"SUCCESS\" > \"${SCRIPT_OUTPUT_FILE_0}\"\n";
			showEnvVarsInLog = 0;
		};
		9F81CEE238DF677EA062C1B9 /* [CP] Embed Pods Frameworks */ = {
			isa = PBXShellScriptBuildPhase;
			buildActionMask = 2147483647;
			files = (
			);
			inputFileListPaths = (
				"${PODS_ROOT}/Target Support Files/Pods-MyBookshelf/Pods-MyBookshelf-frameworks-${CONFIGURATION}-input-files.xcfilelist",
			);
			name = "[CP] Embed Pods Frameworks";
			outputFileListPaths = (
				"${PODS_ROOT}/Target Support Files/Pods-MyBookshelf/Pods-MyBookshelf-frameworks-${CONFIGURATION}-output-files.xcfilelist",
			);
			runOnlyForDeploymentPostprocessing = 0;
			shellPath = /bin/sh;
			shellScript = "\"${PODS_ROOT}/Target Support Files/Pods-MyBookshelf/Pods-MyBookshelf-frameworks.sh\"\n";
			showEnvVarsInLog = 0;
		};
/* End PBXShellScriptBuildPhase section */

/* Begin PBXSourcesBuildPhase section */
		CBE2954D22EE830C0093BD00 /* Sources */ = {
			isa = PBXSourcesBuildPhase;
			buildActionMask = 2147483647;
			files = (
				CBE2956A22EE94610093BD00 /* SearchViewController.swift in Sources */,
				CB29F2E222F1233800FA341D /* UITextField+ext.swift in Sources */,
				CB29F2DE22F1233800FA341D /* NSObject+ext.swift in Sources */,
				CB29F2DF22F1233800FA341D /* Collection+ext.swift in Sources */,
				CB29F2E922F1330F00FA341D /* NetworkManager.swift in Sources */,
				CBB7FEAF22EED76000B7AE89 /* NewBooks.swift in Sources */,
				CB29F2D622F1230100FA341D /* Log.swift in Sources */,
				CB29F2E122F1233800FA341D /* UIViewController+ext.swift in Sources */,
				CB29F2E022F1233800FA341D /* UIColor+ext.swift in Sources */,
				CBB7FEB122EED79200B7AE89 /* Book.swift in Sources */,
				CB29F2E322F1233800FA341D /* UIView+ext.swift in Sources */,
				CBB7FEB522EEE88600B7AE89 /* Protocol.swift in Sources */,
				CBE2955522EE830C0093BD00 /* AppDelegate.swift in Sources */,
				CB29F2F622F17DBC00FA341D /* ITBookRequest.swift in Sources */,
				CB29F2F122F164CF00FA341D /* ITBook.swift in Sources */,
				CBE2956E22EEC79D0093BD00 /* NewTableViewCell.swift in Sources */,
				CBB7FEB722EEEBBD00B7AE89 /* DetailBookViewController.swift in Sources */,
				CBE2956722EE94390093BD00 /* NewViewController.swift in Sources */,
			);
			runOnlyForDeploymentPostprocessing = 0;
		};
/* End PBXSourcesBuildPhase section */

/* Begin PBXVariantGroup section */
		CBE2955D22EE830E0093BD00 /* LaunchScreen.storyboard */ = {
			isa = PBXVariantGroup;
			children = (
				CBE2955E22EE830E0093BD00 /* Base */,
			);
			name = LaunchScreen.storyboard;
			sourceTree = "<group>";
		};
/* End PBXVariantGroup section */

/* Begin XCBuildConfiguration section */
		CBE2956122EE830E0093BD00 /* Debug */ = {
			isa = XCBuildConfiguration;
			buildSettings = {
				ALWAYS_SEARCH_USER_PATHS = NO;
				CLANG_ANALYZER_NONNULL = YES;
				CLANG_ANALYZER_NUMBER_OBJECT_CONVERSION = YES_AGGRESSIVE;
				CLANG_CXX_LANGUAGE_STANDARD = "gnu++14";
				CLANG_CXX_LIBRARY = "libc++";
				CLANG_ENABLE_MODULES = YES;
				CLANG_ENABLE_OBJC_ARC = YES;
				CLANG_ENABLE_OBJC_WEAK = YES;
				CLANG_WARN_BLOCK_CAPTURE_AUTORELEASING = YES;
				CLANG_WARN_BOOL_CONVERSION = YES;
				CLANG_WARN_COMMA = YES;
				CLANG_WARN_CONSTANT_CONVERSION = YES;
				CLANG_WARN_DEPRECATED_OBJC_IMPLEMENTATIONS = YES;
				CLANG_WARN_DIRECT_OBJC_ISA_USAGE = YES_ERROR;
				CLANG_WARN_DOCUMENTATION_COMMENTS = YES;
				CLANG_WARN_EMPTY_BODY = YES;
				CLANG_WARN_ENUM_CONVERSION = YES;
				CLANG_WARN_INFINITE_RECURSION = YES;
				CLANG_WARN_INT_CONVERSION = YES;
				CLANG_WARN_NON_LITERAL_NULL_CONVERSION = YES;
				CLANG_WARN_OBJC_IMPLICIT_RETAIN_SELF = YES;
				CLANG_WARN_OBJC_LITERAL_CONVERSION = YES;
				CLANG_WARN_OBJC_ROOT_CLASS = YES_ERROR;
				CLANG_WARN_RANGE_LOOP_ANALYSIS = YES;
				CLANG_WARN_STRICT_PROTOTYPES = YES;
				CLANG_WARN_SUSPICIOUS_MOVE = YES;
				CLANG_WARN_UNGUARDED_AVAILABILITY = YES_AGGRESSIVE;
				CLANG_WARN_UNREACHABLE_CODE = YES;
				CLANG_WARN__DUPLICATE_METHOD_MATCH = YES;
				CODE_SIGN_IDENTITY = "iPhone Developer";
				COPY_PHASE_STRIP = NO;
				DEBUG_INFORMATION_FORMAT = dwarf;
				ENABLE_STRICT_OBJC_MSGSEND = YES;
				ENABLE_TESTABILITY = YES;
				GCC_C_LANGUAGE_STANDARD = gnu11;
				GCC_DYNAMIC_NO_PIC = NO;
				GCC_NO_COMMON_BLOCKS = YES;
				GCC_OPTIMIZATION_LEVEL = 0;
				GCC_PREPROCESSOR_DEFINITIONS = (
					"DEBUG=1",
					"$(inherited)",
				);
				GCC_WARN_64_TO_32_BIT_CONVERSION = YES;
				GCC_WARN_ABOUT_RETURN_TYPE = YES_ERROR;
				GCC_WARN_UNDECLARED_SELECTOR = YES;
				GCC_WARN_UNINITIALIZED_AUTOS = YES_AGGRESSIVE;
				GCC_WARN_UNUSED_FUNCTION = YES;
				GCC_WARN_UNUSED_VARIABLE = YES;
				IPHONEOS_DEPLOYMENT_TARGET = 12.4;
				MTL_ENABLE_DEBUG_INFO = INCLUDE_SOURCE;
				MTL_FAST_MATH = YES;
				ONLY_ACTIVE_ARCH = YES;
				SDKROOT = iphoneos;
				SWIFT_ACTIVE_COMPILATION_CONDITIONS = DEBUG;
				SWIFT_OPTIMIZATION_LEVEL = "-Onone";
			};
			name = Debug;
		};
		CBE2956222EE830E0093BD00 /* Release */ = {
			isa = XCBuildConfiguration;
			buildSettings = {
				ALWAYS_SEARCH_USER_PATHS = NO;
				CLANG_ANALYZER_NONNULL = YES;
				CLANG_ANALYZER_NUMBER_OBJECT_CONVERSION = YES_AGGRESSIVE;
				CLANG_CXX_LANGUAGE_STANDARD = "gnu++14";
				CLANG_CXX_LIBRARY = "libc++";
				CLANG_ENABLE_MODULES = YES;
				CLANG_ENABLE_OBJC_ARC = YES;
				CLANG_ENABLE_OBJC_WEAK = YES;
				CLANG_WARN_BLOCK_CAPTURE_AUTORELEASING = YES;
				CLANG_WARN_BOOL_CONVERSION = YES;
				CLANG_WARN_COMMA = YES;
				CLANG_WARN_CONSTANT_CONVERSION = YES;
				CLANG_WARN_DEPRECATED_OBJC_IMPLEMENTATIONS = YES;
				CLANG_WARN_DIRECT_OBJC_ISA_USAGE = YES_ERROR;
				CLANG_WARN_DOCUMENTATION_COMMENTS = YES;
				CLANG_WARN_EMPTY_BODY = YES;
				CLANG_WARN_ENUM_CONVERSION = YES;
				CLANG_WARN_INFINITE_RECURSION = YES;
				CLANG_WARN_INT_CONVERSION = YES;
				CLANG_WARN_NON_LITERAL_NULL_CONVERSION = YES;
				CLANG_WARN_OBJC_IMPLICIT_RETAIN_SELF = YES;
				CLANG_WARN_OBJC_LITERAL_CONVERSION = YES;
				CLANG_WARN_OBJC_ROOT_CLASS = YES_ERROR;
				CLANG_WARN_RANGE_LOOP_ANALYSIS = YES;
				CLANG_WARN_STRICT_PROTOTYPES = YES;
				CLANG_WARN_SUSPICIOUS_MOVE = YES;
				CLANG_WARN_UNGUARDED_AVAILABILITY = YES_AGGRESSIVE;
				CLANG_WARN_UNREACHABLE_CODE = YES;
				CLANG_WARN__DUPLICATE_METHOD_MATCH = YES;
				CODE_SIGN_IDENTITY = "iPhone Developer";
				COPY_PHASE_STRIP = NO;
				DEBUG_INFORMATION_FORMAT = "dwarf-with-dsym";
				ENABLE_NS_ASSERTIONS = NO;
				ENABLE_STRICT_OBJC_MSGSEND = YES;
				GCC_C_LANGUAGE_STANDARD = gnu11;
				GCC_NO_COMMON_BLOCKS = YES;
				GCC_WARN_64_TO_32_BIT_CONVERSION = YES;
				GCC_WARN_ABOUT_RETURN_TYPE = YES_ERROR;
				GCC_WARN_UNDECLARED_SELECTOR = YES;
				GCC_WARN_UNINITIALIZED_AUTOS = YES_AGGRESSIVE;
				GCC_WARN_UNUSED_FUNCTION = YES;
				GCC_WARN_UNUSED_VARIABLE = YES;
				IPHONEOS_DEPLOYMENT_TARGET = 12.4;
				MTL_ENABLE_DEBUG_INFO = NO;
				MTL_FAST_MATH = YES;
				SDKROOT = iphoneos;
				SWIFT_COMPILATION_MODE = wholemodule;
				SWIFT_OPTIMIZATION_LEVEL = "-O";
				VALIDATE_PRODUCT = YES;
			};
			name = Release;
		};
		CBE2956422EE830E0093BD00 /* Debug */ = {
			isa = XCBuildConfiguration;
			baseConfigurationReference = 0D9EE453640BE392E6382843 /* Pods-MyBookshelf.debug.xcconfig */;
			buildSettings = {
				ASSETCATALOG_COMPILER_APPICON_NAME = AppIcon;
				CODE_SIGN_STYLE = Automatic;
				DEVELOPMENT_TEAM = 7XZYKQ99YK;
				INFOPLIST_FILE = "$(SRCROOT)/MyBookshelf/Base/Info.plist";
				IPHONEOS_DEPLOYMENT_TARGET = 11.0;
				LD_RUNPATH_SEARCH_PATHS = (
					"$(inherited)",
					"@executable_path/Frameworks",
				);
				PRODUCT_BUNDLE_IDENTIFIER = jhyejun.MyBookshelf;
				PRODUCT_NAME = "$(TARGET_NAME)";
				SWIFT_VERSION = 5.0;
				TARGETED_DEVICE_FAMILY = "1,2";
			};
			name = Debug;
		};
		CBE2956522EE830E0093BD00 /* Release */ = {
			isa = XCBuildConfiguration;
			baseConfigurationReference = B506930764C1279DB66BFAC7 /* Pods-MyBookshelf.release.xcconfig */;
			buildSettings = {
				ASSETCATALOG_COMPILER_APPICON_NAME = AppIcon;
				CODE_SIGN_STYLE = Automatic;
				DEVELOPMENT_TEAM = 7XZYKQ99YK;
				INFOPLIST_FILE = "$(SRCROOT)/MyBookshelf/Base/Info.plist";
				IPHONEOS_DEPLOYMENT_TARGET = 11.0;
				LD_RUNPATH_SEARCH_PATHS = (
					"$(inherited)",
					"@executable_path/Frameworks",
				);
				PRODUCT_BUNDLE_IDENTIFIER = jhyejun.MyBookshelf;
				PRODUCT_NAME = "$(TARGET_NAME)";
				SWIFT_VERSION = 5.0;
				TARGETED_DEVICE_FAMILY = "1,2";
			};
			name = Release;
		};
/* End XCBuildConfiguration section */

/* Begin XCConfigurationList section */
		CBE2954C22EE830C0093BD00 /* Build configuration list for PBXProject "MyBookshelf" */ = {
			isa = XCConfigurationList;
			buildConfigurations = (
				CBE2956122EE830E0093BD00 /* Debug */,
				CBE2956222EE830E0093BD00 /* Release */,
			);
			defaultConfigurationIsVisible = 0;
			defaultConfigurationName = Release;
		};
		CBE2956322EE830E0093BD00 /* Build configuration list for PBXNativeTarget "MyBookshelf" */ = {
			isa = XCConfigurationList;
			buildConfigurations = (
				CBE2956422EE830E0093BD00 /* Debug */,
				CBE2956522EE830E0093BD00 /* Release */,
			);
			defaultConfigurationIsVisible = 0;
			defaultConfigurationName = Release;
		};
/* End XCConfigurationList section */
	};
	rootObject = CBE2954922EE830C0093BD00 /* Project object */;
}
